// !$*UTF8*$!
{
	archiveVersion = 1;
	classes = {
	};
	objectVersion = 55;
	objects = {

/* Begin PBXBuildFile section */
		0BE5ED08FC4C55BEA01CA72E /* Pods_flutterSwiftDemo_flutterSwiftDemoUITests.framework in Frameworks */ = {isa = PBXBuildFile; fileRef = 870C9F3052952EA156E6B815 /* Pods_flutterSwiftDemo_flutterSwiftDemoUITests.framework */; };
		66845A3528090591006C14E9 /* AppDelegate.swift in Sources */ = {isa = PBXBuildFile; fileRef = 66845A3428090591006C14E9 /* AppDelegate.swift */; };
		66845A3928090591006C14E9 /* ViewController.swift in Sources */ = {isa = PBXBuildFile; fileRef = 66845A3828090591006C14E9 /* ViewController.swift */; };
		66845A3C28090591006C14E9 /* Main.storyboard in Resources */ = {isa = PBXBuildFile; fileRef = 66845A3A28090591006C14E9 /* Main.storyboard */; };
		66845A3E28090595006C14E9 /* Assets.xcassets in Resources */ = {isa = PBXBuildFile; fileRef = 66845A3D28090595006C14E9 /* Assets.xcassets */; };
		66845A4128090595006C14E9 /* LaunchScreen.storyboard in Resources */ = {isa = PBXBuildFile; fileRef = 66845A3F28090595006C14E9 /* LaunchScreen.storyboard */; };
		66845A4C28090595006C14E9 /* flutterSwiftDemoTests.swift in Sources */ = {isa = PBXBuildFile; fileRef = 66845A4B28090595006C14E9 /* flutterSwiftDemoTests.swift */; };
		66845A5628090595006C14E9 /* flutterSwiftDemoUITests.swift in Sources */ = {isa = PBXBuildFile; fileRef = 66845A5528090595006C14E9 /* flutterSwiftDemoUITests.swift */; };
		66845A5828090595006C14E9 /* flutterSwiftDemoUITestsLaunchTests.swift in Sources */ = {isa = PBXBuildFile; fileRef = 66845A5728090595006C14E9 /* flutterSwiftDemoUITestsLaunchTests.swift */; };
		C761D90320D48BEC74218D9B /* Pods_flutterSwiftDemoTests.framework in Frameworks */ = {isa = PBXBuildFile; fileRef = B5F0001F51C3C1089BC85D88 /* Pods_flutterSwiftDemoTests.framework */; };
		EDC57332E8B5B49CDD24C230 /* Pods_flutterSwiftDemo.framework in Frameworks */ = {isa = PBXBuildFile; fileRef = FBB6B73999FA7DAB535BA63C /* Pods_flutterSwiftDemo.framework */; };
/* End PBXBuildFile section */

/* Begin PBXContainerItemProxy section */
		66845A4828090595006C14E9 /* PBXContainerItemProxy */ = {
			isa = PBXContainerItemProxy;
			containerPortal = 66845A2928090591006C14E9 /* Project object */;
			proxyType = 1;
			remoteGlobalIDString = 66845A3028090591006C14E9;
			remoteInfo = flutterSwiftDemo;
		};
		66845A5228090595006C14E9 /* PBXContainerItemProxy */ = {
			isa = PBXContainerItemProxy;
			containerPortal = 66845A2928090591006C14E9 /* Project object */;
			proxyType = 1;
			remoteGlobalIDString = 66845A3028090591006C14E9;
			remoteInfo = flutterSwiftDemo;
		};
/* End PBXContainerItemProxy section */

/* Begin PBXFileReference section */
		10D95CB2B73CA045DDED938B /* Pods-flutterSwiftDemoTests.debug.xcconfig */ = {isa = PBXFileReference; includeInIndex = 1; lastKnownFileType = text.xcconfig; name = "Pods-flutterSwiftDemoTests.debug.xcconfig"; path = "Target Support Files/Pods-flutterSwiftDemoTests/Pods-flutterSwiftDemoTests.debug.xcconfig"; sourceTree = "<group>"; };
		1244AFBA0A89E437311CCA51 /* Pods-flutterSwiftDemo-flutterSwiftDemoUITests.release.xcconfig */ = {isa = PBXFileReference; includeInIndex = 1; lastKnownFileType = text.xcconfig; name = "Pods-flutterSwiftDemo-flutterSwiftDemoUITests.release.xcconfig"; path = "Target Support Files/Pods-flutterSwiftDemo-flutterSwiftDemoUITests/Pods-flutterSwiftDemo-flutterSwiftDemoUITests.release.xcconfig"; sourceTree = "<group>"; };
		4D2D040729774CF42C5D124F /* Pods-flutterSwiftDemo.release.xcconfig */ = {isa = PBXFileReference; includeInIndex = 1; lastKnownFileType = text.xcconfig; name = "Pods-flutterSwiftDemo.release.xcconfig"; path = "Target Support Files/Pods-flutterSwiftDemo/Pods-flutterSwiftDemo.release.xcconfig"; sourceTree = "<group>"; };
		66845A3128090591006C14E9 /* flutterSwiftDemo.app */ = {isa = PBXFileReference; explicitFileType = wrapper.application; includeInIndex = 0; path = flutterSwiftDemo.app; sourceTree = BUILT_PRODUCTS_DIR; };
		66845A3428090591006C14E9 /* AppDelegate.swift */ = {isa = PBXFileReference; lastKnownFileType = sourcecode.swift; path = AppDelegate.swift; sourceTree = "<group>"; };
		66845A3828090591006C14E9 /* ViewController.swift */ = {isa = PBXFileReference; lastKnownFileType = sourcecode.swift; path = ViewController.swift; sourceTree = "<group>"; };
		66845A3B28090591006C14E9 /* Base */ = {isa = PBXFileReference; lastKnownFileType = file.storyboard; name = Base; path = Base.lproj/Main.storyboard; sourceTree = "<group>"; };
		66845A3D28090595006C14E9 /* Assets.xcassets */ = {isa = PBXFileReference; lastKnownFileType = folder.assetcatalog; path = Assets.xcassets; sourceTree = "<group>"; };
		66845A4028090595006C14E9 /* Base */ = {isa = PBXFileReference; lastKnownFileType = file.storyboard; name = Base; path = Base.lproj/LaunchScreen.storyboard; sourceTree = "<group>"; };
		66845A4228090595006C14E9 /* Info.plist */ = {isa = PBXFileReference; lastKnownFileType = text.plist.xml; path = Info.plist; sourceTree = "<group>"; };
		66845A4728090595006C14E9 /* flutterSwiftDemoTests.xctest */ = {isa = PBXFileReference; explicitFileType = wrapper.cfbundle; includeInIndex = 0; path = flutterSwiftDemoTests.xctest; sourceTree = BUILT_PRODUCTS_DIR; };
		66845A4B28090595006C14E9 /* flutterSwiftDemoTests.swift */ = {isa = PBXFileReference; lastKnownFileType = sourcecode.swift; path = flutterSwiftDemoTests.swift; sourceTree = "<group>"; };
		66845A5128090595006C14E9 /* flutterSwiftDemoUITests.xctest */ = {isa = PBXFileReference; explicitFileType = wrapper.cfbundle; includeInIndex = 0; path = flutterSwiftDemoUITests.xctest; sourceTree = BUILT_PRODUCTS_DIR; };
		66845A5528090595006C14E9 /* flutterSwiftDemoUITests.swift */ = {isa = PBXFileReference; lastKnownFileType = sourcecode.swift; path = flutterSwiftDemoUITests.swift; sourceTree = "<group>"; };
		66845A5728090595006C14E9 /* flutterSwiftDemoUITestsLaunchTests.swift */ = {isa = PBXFileReference; lastKnownFileType = sourcecode.swift; path = flutterSwiftDemoUITestsLaunchTests.swift; sourceTree = "<group>"; };
		6C285615E2A03F5AB036C42C /* Pods-flutterSwiftDemo-flutterSwiftDemoUITests.debug.xcconfig */ = {isa = PBXFileReference; includeInIndex = 1; lastKnownFileType = text.xcconfig; name = "Pods-flutterSwiftDemo-flutterSwiftDemoUITests.debug.xcconfig"; path = "Target Support Files/Pods-flutterSwiftDemo-flutterSwiftDemoUITests/Pods-flutterSwiftDemo-flutterSwiftDemoUITests.debug.xcconfig"; sourceTree = "<group>"; };
		7D62CA34086754A34FA5BA19 /* Pods-flutterSwiftDemoTests.release.xcconfig */ = {isa = PBXFileReference; includeInIndex = 1; lastKnownFileType = text.xcconfig; name = "Pods-flutterSwiftDemoTests.release.xcconfig"; path = "Target Support Files/Pods-flutterSwiftDemoTests/Pods-flutterSwiftDemoTests.release.xcconfig"; sourceTree = "<group>"; };
		870C9F3052952EA156E6B815 /* Pods_flutterSwiftDemo_flutterSwiftDemoUITests.framework */ = {isa = PBXFileReference; explicitFileType = wrapper.framework; includeInIndex = 0; path = Pods_flutterSwiftDemo_flutterSwiftDemoUITests.framework; sourceTree = BUILT_PRODUCTS_DIR; };
		AF2F3A57BC41BBC81F5D2717 /* Pods-flutterSwiftDemo.debug.xcconfig */ = {isa = PBXFileReference; includeInIndex = 1; lastKnownFileType = text.xcconfig; name = "Pods-flutterSwiftDemo.debug.xcconfig"; path = "Target Support Files/Pods-flutterSwiftDemo/Pods-flutterSwiftDemo.debug.xcconfig"; sourceTree = "<group>"; };
		B5F0001F51C3C1089BC85D88 /* Pods_flutterSwiftDemoTests.framework */ = {isa = PBXFileReference; explicitFileType = wrapper.framework; includeInIndex = 0; path = Pods_flutterSwiftDemoTests.framework; sourceTree = BUILT_PRODUCTS_DIR; };
		FBB6B73999FA7DAB535BA63C /* Pods_flutterSwiftDemo.framework */ = {isa = PBXFileReference; explicitFileType = wrapper.framework; includeInIndex = 0; path = Pods_flutterSwiftDemo.framework; sourceTree = BUILT_PRODUCTS_DIR; };
/* End PBXFileReference section */

/* Begin PBXFrameworksBuildPhase section */
		66845A2E28090591006C14E9 /* Frameworks */ = {
			isa = PBXFrameworksBuildPhase;
			buildActionMask = 2147483647;
			files = (
				EDC57332E8B5B49CDD24C230 /* Pods_flutterSwiftDemo.framework in Frameworks */,
			);
			runOnlyForDeploymentPostprocessing = 0;
		};
		66845A4428090595006C14E9 /* Frameworks */ = {
			isa = PBXFrameworksBuildPhase;
			buildActionMask = 2147483647;
			files = (
				C761D90320D48BEC74218D9B /* Pods_flutterSwiftDemoTests.framework in Frameworks */,
			);
			runOnlyForDeploymentPostprocessing = 0;
		};
		66845A4E28090595006C14E9 /* Frameworks */ = {
			isa = PBXFrameworksBuildPhase;
			buildActionMask = 2147483647;
			files = (
				0BE5ED08FC4C55BEA01CA72E /* Pods_flutterSwiftDemo_flutterSwiftDemoUITests.framework in Frameworks */,
			);
			runOnlyForDeploymentPostprocessing = 0;
		};
/* End PBXFrameworksBuildPhase section */

/* Begin PBXGroup section */
		56DB452367471DC8F974CBDC /* Pods */ = {
			isa = PBXGroup;
			children = (
				AF2F3A57BC41BBC81F5D2717 /* Pods-flutterSwiftDemo.debug.xcconfig */,
				4D2D040729774CF42C5D124F /* Pods-flutterSwiftDemo.release.xcconfig */,
				6C285615E2A03F5AB036C42C /* Pods-flutterSwiftDemo-flutterSwiftDemoUITests.debug.xcconfig */,
				1244AFBA0A89E437311CCA51 /* Pods-flutterSwiftDemo-flutterSwiftDemoUITests.release.xcconfig */,
				10D95CB2B73CA045DDED938B /* Pods-flutterSwiftDemoTests.debug.xcconfig */,
				7D62CA34086754A34FA5BA19 /* Pods-flutterSwiftDemoTests.release.xcconfig */,
			);
			name = Pods;
			path = Pods;
			sourceTree = "<group>";
		};
		66845A2828090591006C14E9 = {
			isa = PBXGroup;
			children = (
				66845A3328090591006C14E9 /* flutterSwiftDemo */,
				66845A4A28090595006C14E9 /* flutterSwiftDemoTests */,
				66845A5428090595006C14E9 /* flutterSwiftDemoUITests */,
				66845A3228090591006C14E9 /* Products */,
				56DB452367471DC8F974CBDC /* Pods */,
				CCB3EC498DB506033D28801A /* Frameworks */,
			);
			sourceTree = "<group>";
		};
		66845A3228090591006C14E9 /* Products */ = {
			isa = PBXGroup;
			children = (
				66845A3128090591006C14E9 /* flutterSwiftDemo.app */,
				66845A4728090595006C14E9 /* flutterSwiftDemoTests.xctest */,
				66845A5128090595006C14E9 /* flutterSwiftDemoUITests.xctest */,
			);
			name = Products;
			sourceTree = "<group>";
		};
		66845A3328090591006C14E9 /* flutterSwiftDemo */ = {
			isa = PBXGroup;
			children = (
				66845A3428090591006C14E9 /* AppDelegate.swift */,
				66845A3828090591006C14E9 /* ViewController.swift */,
				66845A3A28090591006C14E9 /* Main.storyboard */,
				66845A3D28090595006C14E9 /* Assets.xcassets */,
				66845A3F28090595006C14E9 /* LaunchScreen.storyboard */,
				66845A4228090595006C14E9 /* Info.plist */,
			);
			path = flutterSwiftDemo;
			sourceTree = "<group>";
		};
		66845A4A28090595006C14E9 /* flutterSwiftDemoTests */ = {
			isa = PBXGroup;
			children = (
				66845A4B28090595006C14E9 /* flutterSwiftDemoTests.swift */,
			);
			path = flutterSwiftDemoTests;
			sourceTree = "<group>";
		};
		66845A5428090595006C14E9 /* flutterSwiftDemoUITests */ = {
			isa = PBXGroup;
			children = (
				66845A5528090595006C14E9 /* flutterSwiftDemoUITests.swift */,
				66845A5728090595006C14E9 /* flutterSwiftDemoUITestsLaunchTests.swift */,
			);
			path = flutterSwiftDemoUITests;
			sourceTree = "<group>";
		};
		CCB3EC498DB506033D28801A /* Frameworks */ = {
			isa = PBXGroup;
			children = (
				FBB6B73999FA7DAB535BA63C /* Pods_flutterSwiftDemo.framework */,
				870C9F3052952EA156E6B815 /* Pods_flutterSwiftDemo_flutterSwiftDemoUITests.framework */,
				B5F0001F51C3C1089BC85D88 /* Pods_flutterSwiftDemoTests.framework */,
			);
			name = Frameworks;
			sourceTree = "<group>";
		};
/* End PBXGroup section */

/* Begin PBXNativeTarget section */
		66845A3028090591006C14E9 /* flutterSwiftDemo */ = {
			isa = PBXNativeTarget;
			buildConfigurationList = 66845A5B28090595006C14E9 /* Build configuration list for PBXNativeTarget "flutterSwiftDemo" */;
			buildPhases = (
				31119F56C00923A271ED8AAB /* [CP] Check Pods Manifest.lock */,
				66845A2D28090591006C14E9 /* Sources */,
				66845A2E28090591006C14E9 /* Frameworks */,
				66845A2F28090591006C14E9 /* Resources */,
			);
			buildRules = (
			);
			dependencies = (
			);
			name = flutterSwiftDemo;
			productName = flutterSwiftDemo;
			productReference = 66845A3128090591006C14E9 /* flutterSwiftDemo.app */;
			productType = "com.apple.product-type.application";
		};
		66845A4628090595006C14E9 /* flutterSwiftDemoTests */ = {
			isa = PBXNativeTarget;
			buildConfigurationList = 66845A5E28090595006C14E9 /* Build configuration list for PBXNativeTarget "flutterSwiftDemoTests" */;
			buildPhases = (
				FA359D31A6FEB8D888F7E059 /* [CP] Check Pods Manifest.lock */,
				66845A4328090595006C14E9 /* Sources */,
				66845A4428090595006C14E9 /* Frameworks */,
				66845A4528090595006C14E9 /* Resources */,
			);
			buildRules = (
			);
			dependencies = (
				66845A4928090595006C14E9 /* PBXTargetDependency */,
			);
			name = flutterSwiftDemoTests;
			productName = flutterSwiftDemoTests;
			productReference = 66845A4728090595006C14E9 /* flutterSwiftDemoTests.xctest */;
			productType = "com.apple.product-type.bundle.unit-test";
		};
		66845A5028090595006C14E9 /* flutterSwiftDemoUITests */ = {
			isa = PBXNativeTarget;
			buildConfigurationList = 66845A6128090595006C14E9 /* Build configuration list for PBXNativeTarget "flutterSwiftDemoUITests" */;
			buildPhases = (
				338550138E81176213F51DB3 /* [CP] Check Pods Manifest.lock */,
				66845A4D28090595006C14E9 /* Sources */,
				66845A4E28090595006C14E9 /* Frameworks */,
				66845A4F28090595006C14E9 /* Resources */,
			);
			buildRules = (
			);
			dependencies = (
				66845A5328090595006C14E9 /* PBXTargetDependency */,
			);
			name = flutterSwiftDemoUITests;
			productName = flutterSwiftDemoUITests;
			productReference = 66845A5128090595006C14E9 /* flutterSwiftDemoUITests.xctest */;
			productType = "com.apple.product-type.bundle.ui-testing";
		};
/* End PBXNativeTarget section */

/* Begin PBXProject section */
		66845A2928090591006C14E9 /* Project object */ = {
			isa = PBXProject;
			attributes = {
				BuildIndependentTargetsInParallel = 1;
				LastSwiftUpdateCheck = 1330;
				LastUpgradeCheck = 1330;
				TargetAttributes = {
					66845A3028090591006C14E9 = {
						CreatedOnToolsVersion = 13.3.1;
					};
					66845A4628090595006C14E9 = {
						CreatedOnToolsVersion = 13.3.1;
						TestTargetID = 66845A3028090591006C14E9;
					};
					66845A5028090595006C14E9 = {
						CreatedOnToolsVersion = 13.3.1;
						TestTargetID = 66845A3028090591006C14E9;
					};
				};
			};
			buildConfigurationList = 66845A2C28090591006C14E9 /* Build configuration list for PBXProject "flutterSwiftDemo" */;
			compatibilityVersion = "Xcode 13.0";
			developmentRegion = en;
			hasScannedForEncodings = 0;
			knownRegions = (
				en,
				Base,
			);
			mainGroup = 66845A2828090591006C14E9;
			productRefGroup = 66845A3228090591006C14E9 /* Products */;
			projectDirPath = "";
			projectRoot = "";
			targets = (
				66845A3028090591006C14E9 /* flutterSwiftDemo */,
				66845A4628090595006C14E9 /* flutterSwiftDemoTests */,
				66845A5028090595006C14E9 /* flutterSwiftDemoUITests */,
			);
		};
/* End PBXProject section */

/* Begin PBXResourcesBuildPhase section */
		66845A2F28090591006C14E9 /* Resources */ = {
			isa = PBXResourcesBuildPhase;
			buildActionMask = 2147483647;
			files = (
				66845A4128090595006C14E9 /* LaunchScreen.storyboard in Resources */,
				66845A3E28090595006C14E9 /* Assets.xcassets in Resources */,
				66845A3C28090591006C14E9 /* Main.storyboard in Resources */,
			);
			runOnlyForDeploymentPostprocessing = 0;
		};
		66845A4528090595006C14E9 /* Resources */ = {
			isa = PBXResourcesBuildPhase;
			buildActionMask = 2147483647;
			files = (
			);
			runOnlyForDeploymentPostprocessing = 0;
		};
		66845A4F28090595006C14E9 /* Resources */ = {
			isa = PBXResourcesBuildPhase;
			buildActionMask = 2147483647;
			files = (
			);
			runOnlyForDeploymentPostprocessing = 0;
		};
/* End PBXResourcesBuildPhase section */

/* Begin PBXShellScriptBuildPhase section */
		31119F56C00923A271ED8AAB /* [CP] Check Pods Manifest.lock */ = {
			isa = PBXShellScriptBuildPhase;
			buildActionMask = 2147483647;
			files = (
			);
			inputFileListPaths = (
			);
			inputPaths = (
				"${PODS_PODFILE_DIR_PATH}/Podfile.lock",
				"${PODS_ROOT}/Manifest.lock",
			);
			name = "[CP] Check Pods Manifest.lock";
			outputFileListPaths = (
			);
			outputPaths = (
				"$(DERIVED_FILE_DIR)/Pods-flutterSwiftDemo-checkManifestLockResult.txt",
			);
			runOnlyForDeploymentPostprocessing = 0;
			shellPath = /bin/sh;
			shellScript = "diff \"${PODS_PODFILE_DIR_PATH}/Podfile.lock\" \"${PODS_ROOT}/Manifest.lock\" > /dev/null\nif [ $? != 0 ] ; then\n    # print error to STDERR\n    echo \"error: The sandbox is not in sync with the Podfile.lock. Run 'pod install' or update your CocoaPods installation.\" >&2\n    exit 1\nfi\n# This output is used by Xcode 'outputs' to avoid re-running this script phase.\necho \"SUCCESS\" > \"${SCRIPT_OUTPUT_FILE_0}\"\n";
			showEnvVarsInLog = 0;
		};
		338550138E81176213F51DB3 /* [CP] Check Pods Manifest.lock */ = {
			isa = PBXShellScriptBuildPhase;
			buildActionMask = 2147483647;
			files = (
			);
			inputFileListPaths = (
			);
			inputPaths = (
				"${PODS_PODFILE_DIR_PATH}/Podfile.lock",
				"${PODS_ROOT}/Manifest.lock",
			);
			name = "[CP] Check Pods Manifest.lock";
			outputFileListPaths = (
			);
			outputPaths = (
				"$(DERIVED_FILE_DIR)/Pods-flutterSwiftDemo-flutterSwiftDemoUITests-checkManifestLockResult.txt",
			);
			runOnlyForDeploymentPostprocessing = 0;
			shellPath = /bin/sh;
			shellScript = "diff \"${PODS_PODFILE_DIR_PATH}/Podfile.lock\" \"${PODS_ROOT}/Manifest.lock\" > /dev/null\nif [ $? != 0 ] ; then\n    # print error to STDERR\n    echo \"error: The sandbox is not in sync with the Podfile.lock. Run 'pod install' or update your CocoaPods installation.\" >&2\n    exit 1\nfi\n# This output is used by Xcode 'outputs' to avoid re-running this script phase.\necho \"SUCCESS\" > \"${SCRIPT_OUTPUT_FILE_0}\"\n";
			showEnvVarsInLog = 0;
		};
		FA359D31A6FEB8D888F7E059 /* [CP] Check Pods Manifest.lock */ = {
			isa = PBXShellScriptBuildPhase;
			buildActionMask = 2147483647;
			files = (
			);
			inputFileListPaths = (
			);
			inputPaths = (
				"${PODS_PODFILE_DIR_PATH}/Podfile.lock",
				"${PODS_ROOT}/Manifest.lock",
			);
			name = "[CP] Check Pods Manifest.lock";
			outputFileListPaths = (
			);
			outputPaths = (
				"$(DERIVED_FILE_DIR)/Pods-flutterSwiftDemoTests-checkManifestLockResult.txt",
			);
			runOnlyForDeploymentPostprocessing = 0;
			shellPath = /bin/sh;
			shellScript = "diff \"${PODS_PODFILE_DIR_PATH}/Podfile.lock\" \"${PODS_ROOT}/Manifest.lock\" > /dev/null\nif [ $? != 0 ] ; then\n    # print error to STDERR\n    echo \"error: The sandbox is not in sync with the Podfile.lock. Run 'pod install' or update your CocoaPods installation.\" >&2\n    exit 1\nfi\n# This output is used by Xcode 'outputs' to avoid re-running this script phase.\necho \"SUCCESS\" > \"${SCRIPT_OUTPUT_FILE_0}\"\n";
			showEnvVarsInLog = 0;
		};
/* End PBXShellScriptBuildPhase section */

/* Begin PBXSourcesBuildPhase section */
		66845A2D28090591006C14E9 /* Sources */ = {
			isa = PBXSourcesBuildPhase;
			buildActionMask = 2147483647;
			files = (
				66845A3928090591006C14E9 /* ViewController.swift in Sources */,
				66845A3528090591006C14E9 /* AppDelegate.swift in Sources */,
			);
			runOnlyForDeploymentPostprocessing = 0;
		};
		66845A4328090595006C14E9 /* Sources */ = {
			isa = PBXSourcesBuildPhase;
			buildActionMask = 2147483647;
			files = (
				66845A4C28090595006C14E9 /* flutterSwiftDemoTests.swift in Sources */,
			);
			runOnlyForDeploymentPostprocessing = 0;
		};
		66845A4D28090595006C14E9 /* Sources */ = {
			isa = PBXSourcesBuildPhase;
			buildActionMask = 2147483647;
			files = (
				66845A5828090595006C14E9 /* flutterSwiftDemoUITestsLaunchTests.swift in Sources */,
				66845A5628090595006C14E9 /* flutterSwiftDemoUITests.swift in Sources */,
			);
			runOnlyForDeploymentPostprocessing = 0;
		};
/* End PBXSourcesBuildPhase section */

/* Begin PBXTargetDependency section */
		66845A4928090595006C14E9 /* PBXTargetDependency */ = {
			isa = PBXTargetDependency;
			target = 66845A3028090591006C14E9 /* flutterSwiftDemo */;
			targetProxy = 66845A4828090595006C14E9 /* PBXContainerItemProxy */;
		};
		66845A5328090595006C14E9 /* PBXTargetDependency */ = {
			isa = PBXTargetDependency;
			target = 66845A3028090591006C14E9 /* flutterSwiftDemo */;
			targetProxy = 66845A5228090595006C14E9 /* PBXContainerItemProxy */;
		};
/* End PBXTargetDependency section */

/* Begin PBXVariantGroup section */
		66845A3A28090591006C14E9 /* Main.storyboard */ = {
			isa = PBXVariantGroup;
			children = (
				66845A3B28090591006C14E9 /* Base */,
			);
			name = Main.storyboard;
			sourceTree = "<group>";
		};
		66845A3F28090595006C14E9 /* LaunchScreen.storyboard */ = {
			isa = PBXVariantGroup;
			children = (
				66845A4028090595006C14E9 /* Base */,
			);
			name = LaunchScreen.storyboard;
			sourceTree = "<group>";
		};
/* End PBXVariantGroup section */

/* Begin XCBuildConfiguration section */
		66845A5928090595006C14E9 /* Debug */ = {
			isa = XCBuildConfiguration;
			buildSettings = {
				ALWAYS_SEARCH_USER_PATHS = NO;
				CLANG_ANALYZER_NONNULL = YES;
				CLANG_ANALYZER_NUMBER_OBJECT_CONVERSION = YES_AGGRESSIVE;
				CLANG_CXX_LANGUAGE_STANDARD = "gnu++17";
				CLANG_ENABLE_MODULES = YES;
				CLANG_ENABLE_OBJC_ARC = YES;
				CLANG_ENABLE_OBJC_WEAK = YES;
				CLANG_WARN_BLOCK_CAPTURE_AUTORELEASING = YES;
				CLANG_WARN_BOOL_CONVERSION = YES;
				CLANG_WARN_COMMA = YES;
				CLANG_WARN_CONSTANT_CONVERSION = YES;
				CLANG_WARN_DEPRECATED_OBJC_IMPLEMENTATIONS = YES;
				CLANG_WARN_DIRECT_OBJC_ISA_USAGE = YES_ERROR;
				CLANG_WARN_DOCUMENTATION_COMMENTS = YES;
				CLANG_WARN_EMPTY_BODY = YES;
				CLANG_WARN_ENUM_CONVERSION = YES;
				CLANG_WARN_INFINITE_RECURSION = YES;
				CLANG_WARN_INT_CONVERSION = YES;
				CLANG_WARN_NON_LITERAL_NULL_CONVERSION = YES;
				CLANG_WARN_OBJC_IMPLICIT_RETAIN_SELF = YES;
				CLANG_WARN_OBJC_LITERAL_CONVERSION = YES;
				CLANG_WARN_OBJC_ROOT_CLASS = YES_ERROR;
				CLANG_WARN_QUOTED_INCLUDE_IN_FRAMEWORK_HEADER = YES;
				CLANG_WARN_RANGE_LOOP_ANALYSIS = YES;
				CLANG_WARN_STRICT_PROTOTYPES = YES;
				CLANG_WARN_SUSPICIOUS_MOVE = YES;
				CLANG_WARN_UNGUARDED_AVAILABILITY = YES_AGGRESSIVE;
				CLANG_WARN_UNREACHABLE_CODE = YES;
				CLANG_WARN__DUPLICATE_METHOD_MATCH = YES;
				COPY_PHASE_STRIP = NO;
				DEBUG_INFORMATION_FORMAT = dwarf;
				ENABLE_STRICT_OBJC_MSGSEND = YES;
				ENABLE_TESTABILITY = YES;
				GCC_C_LANGUAGE_STANDARD = gnu11;
				GCC_DYNAMIC_NO_PIC = NO;
				GCC_NO_COMMON_BLOCKS = YES;
				GCC_OPTIMIZATION_LEVEL = 0;
				GCC_PREPROCESSOR_DEFINITIONS = (
					"DEBUG=1",
					"$(inherited)",
				);
				GCC_WARN_64_TO_32_BIT_CONVERSION = YES;
				GCC_WARN_ABOUT_RETURN_TYPE = YES_ERROR;
				GCC_WARN_UNDECLARED_SELECTOR = YES;
				GCC_WARN_UNINITIALIZED_AUTOS = YES_AGGRESSIVE;
				GCC_WARN_UNUSED_FUNCTION = YES;
				GCC_WARN_UNUSED_VARIABLE = YES;
				IPHONEOS_DEPLOYMENT_TARGET = 15.4;
				MTL_ENABLE_DEBUG_INFO = INCLUDE_SOURCE;
				MTL_FAST_MATH = YES;
				ONLY_ACTIVE_ARCH = YES;
				SDKROOT = iphoneos;
				SWIFT_ACTIVE_COMPILATION_CONDITIONS = DEBUG;
				SWIFT_OPTIMIZATION_LEVEL = "-Onone";
			};
			name = Debug;
		};
		66845A5A28090595006C14E9 /* Release */ = {
			isa = XCBuildConfiguration;
			buildSettings = {
				ALWAYS_SEARCH_USER_PATHS = NO;
				CLANG_ANALYZER_NONNULL = YES;
				CLANG_ANALYZER_NUMBER_OBJECT_CONVERSION = YES_AGGRESSIVE;
				CLANG_CXX_LANGUAGE_STANDARD = "gnu++17";
				CLANG_ENABLE_MODULES = YES;
				CLANG_ENABLE_OBJC_ARC = YES;
				CLANG_ENABLE_OBJC_WEAK = YES;
				CLANG_WARN_BLOCK_CAPTURE_AUTORELEASING = YES;
				CLANG_WARN_BOOL_CONVERSION = YES;
				CLANG_WARN_COMMA = YES;
				CLANG_WARN_CONSTANT_CONVERSION = YES;
				CLANG_WARN_DEPRECATED_OBJC_IMPLEMENTATIONS = YES;
				CLANG_WARN_DIRECT_OBJC_ISA_USAGE = YES_ERROR;
				CLANG_WARN_DOCUMENTATION_COMMENTS = YES;
				CLANG_WARN_EMPTY_BODY = YES;
				CLANG_WARN_ENUM_CONVERSION = YES;
				CLANG_WARN_INFINITE_RECURSION = YES;
				CLANG_WARN_INT_CONVERSION = YES;
				CLANG_WARN_NON_LITERAL_NULL_CONVERSION = YES;
				CLANG_WARN_OBJC_IMPLICIT_RETAIN_SELF = YES;
				CLANG_WARN_OBJC_LITERAL_CONVERSION = YES;
				CLANG_WARN_OBJC_ROOT_CLASS = YES_ERROR;
				CLANG_WARN_QUOTED_INCLUDE_IN_FRAMEWORK_HEADER = YES;
				CLANG_WARN_RANGE_LOOP_ANALYSIS = YES;
				CLANG_WARN_STRICT_PROTOTYPES = YES;
				CLANG_WARN_SUSPICIOUS_MOVE = YES;
				CLANG_WARN_UNGUARDED_AVAILABILITY = YES_AGGRESSIVE;
				CLANG_WARN_UNREACHABLE_CODE = YES;
				CLANG_WARN__DUPLICATE_METHOD_MATCH = YES;
				COPY_PHASE_STRIP = NO;
				DEBUG_INFORMATION_FORMAT = "dwarf-with-dsym";
				ENABLE_NS_ASSERTIONS = NO;
				ENABLE_STRICT_OBJC_MSGSEND = YES;
				GCC_C_LANGUAGE_STANDARD = gnu11;
				GCC_NO_COMMON_BLOCKS = YES;
				GCC_WARN_64_TO_32_BIT_CONVERSION = YES;
				GCC_WARN_ABOUT_RETURN_TYPE = YES_ERROR;
				GCC_WARN_UNDECLARED_SELECTOR = YES;
				GCC_WARN_UNINITIALIZED_AUTOS = YES_AGGRESSIVE;
				GCC_WARN_UNUSED_FUNCTION = YES;
				GCC_WARN_UNUSED_VARIABLE = YES;
				IPHONEOS_DEPLOYMENT_TARGET = 15.4;
				MTL_ENABLE_DEBUG_INFO = NO;
				MTL_FAST_MATH = YES;
				SDKROOT = iphoneos;
				SWIFT_COMPILATION_MODE = wholemodule;
				SWIFT_OPTIMIZATION_LEVEL = "-O";
				VALIDATE_PRODUCT = YES;
			};
			name = Release;
		};
		66845A5C28090595006C14E9 /* Debug */ = {
			isa = XCBuildConfiguration;
			baseConfigurationReference = AF2F3A57BC41BBC81F5D2717 /* Pods-flutterSwiftDemo.debug.xcconfig */;
			buildSettings = {
				ASSETCATALOG_COMPILER_APPICON_NAME = AppIcon;
				ASSETCATALOG_COMPILER_GLOBAL_ACCENT_COLOR_NAME = AccentColor;
				CODE_SIGN_STYLE = Automatic;
				CURRENT_PROJECT_VERSION = 1;
				GENERATE_INFOPLIST_FILE = YES;
				INFOPLIST_FILE = flutterSwiftDemo/Info.plist;
				INFOPLIST_KEY_UIApplicationSupportsIndirectInputEvents = YES;
				INFOPLIST_KEY_UILaunchStoryboardName = LaunchScreen;
				INFOPLIST_KEY_UIMainStoryboardFile = Main;
				INFOPLIST_KEY_UISupportedInterfaceOrientations_iPad = "UIInterfaceOrientationPortrait UIInterfaceOrientationPortraitUpsideDown UIInterfaceOrientationLandscapeLeft UIInterfaceOrientationLandscapeRight";
				INFOPLIST_KEY_UISupportedInterfaceOrientations_iPhone = "UIInterfaceOrientationPortrait UIInterfaceOrientationLandscapeLeft UIInterfaceOrientationLandscapeRight";
				IPHONEOS_DEPLOYMENT_TARGET = 11.0;
				LD_RUNPATH_SEARCH_PATHS = (
					"$(inherited)",
					"@executable_path/Frameworks",
				);
				MARKETING_VERSION = 1.0;
				PRODUCT_BUNDLE_IDENTIFIER = com.Marshal.flutterSwiftDemo;
				PRODUCT_NAME = "$(TARGET_NAME)";
				SWIFT_EMIT_LOC_STRINGS = YES;
				SWIFT_VERSION = 5.0;
				TARGETED_DEVICE_FAMILY = "1,2";
			};
			name = Debug;
		};
		66845A5D28090595006C14E9 /* Release */ = {
			isa = XCBuildConfiguration;
			baseConfigurationReference = 4D2D040729774CF42C5D124F /* Pods-flutterSwiftDemo.release.xcconfig */;
			buildSettings = {
				ASSETCATALOG_COMPILER_APPICON_NAME = AppIcon;
				ASSETCATALOG_COMPILER_GLOBAL_ACCENT_COLOR_NAME = AccentColor;
				CODE_SIGN_STYLE = Automatic;
				CURRENT_PROJECT_VERSION = 1;
				GENERATE_INFOPLIST_FILE = YES;
				INFOPLIST_FILE = flutterSwiftDemo/Info.plist;
				INFOPLIST_KEY_UIApplicationSupportsIndirectInputEvents = YES;
				INFOPLIST_KEY_UILaunchStoryboardName = LaunchScreen;
				INFOPLIST_KEY_UIMainStoryboardFile = Main;
				INFOPLIST_KEY_UISupportedInterfaceOrientations_iPad = "UIInterfaceOrientationPortrait UIInterfaceOrientationPortraitUpsideDown UIInterfaceOrientationLandscapeLeft UIInterfaceOrientationLandscapeRight";
				INFOPLIST_KEY_UISupportedInterfaceOrientations_iPhone = "UIInterfaceOrientationPortrait UIInterfaceOrientationLandscapeLeft UIInterfaceOrientationLandscapeRight";
				IPHONEOS_DEPLOYMENT_TARGET = 11.0;
				LD_RUNPATH_SEARCH_PATHS = (
					"$(inherited)",
					"@executable_path/Frameworks",
				);
				MARKETING_VERSION = 1.0;
				PRODUCT_BUNDLE_IDENTIFIER = com.Marshal.flutterSwiftDemo;
				PRODUCT_NAME = "$(TARGET_NAME)";
				SWIFT_EMIT_LOC_STRINGS = YES;
				SWIFT_VERSION = 5.0;
				TARGETED_DEVICE_FAMILY = "1,2";
			};
			name = Release;
		};
		66845A5F28090595006C14E9 /* Debug */ = {
			isa = XCBuildConfiguration;
			baseConfigurationReference = 10D95CB2B73CA045DDED938B /* Pods-flutterSwiftDemoTests.debug.xcconfig */;
			buildSettings = {
				ALWAYS_EMBED_SWIFT_STANDARD_LIBRARIES = YES;
				BUNDLE_LOADER = "$(TEST_HOST)";
				CODE_SIGN_STYLE = Automatic;
				CURRENT_PROJECT_VERSION = 1;
				GENERATE_INFOPLIST_FILE = YES;
				IPHONEOS_DEPLOYMENT_TARGET = 15.4;
				MARKETING_VERSION = 1.0;
				PRODUCT_BUNDLE_IDENTIFIER = com.Marshal.flutterSwiftDemoTests;
				PRODUCT_NAME = "$(TARGET_NAME)";
				SWIFT_EMIT_LOC_STRINGS = NO;
				SWIFT_VERSION = 5.0;
				TARGETED_DEVICE_FAMILY = "1,2";
				TEST_HOST = "$(BUILT_PRODUCTS_DIR)/flutterSwiftDemo.app/flutterSwiftDemo";
			};
			name = Debug;
		};
		66845A6028090595006C14E9 /* Release */ = {
			isa = XCBuildConfiguration;
			baseConfigurationReference = 7D62CA34086754A34FA5BA19 /* Pods-flutterSwiftDemoTests.release.xcconfig */;
			buildSettings = {
				ALWAYS_EMBED_SWIFT_STANDARD_LIBRARIES = YES;
				BUNDLE_LOADER = "$(TEST_HOST)";
				CODE_SIGN_STYLE = Automatic;
				CURRENT_PROJECT_VERSION = 1;
				GENERATE_INFOPLIST_FILE = YES;
				IPHONEOS_DEPLOYMENT_TARGET = 15.4;
				MARKETING_VERSION = 1.0;
				PRODUCT_BUNDLE_IDENTIFIER = com.Marshal.flutterSwiftDemoTests;
				PRODUCT_NAME = "$(TARGET_NAME)";
				SWIFT_EMIT_LOC_STRINGS = NO;
				SWIFT_VERSION = 5.0;
				TARGETED_DEVICE_FAMILY = "1,2";
				TEST_HOST = "$(BUILT_PRODUCTS_DIR)/flutterSwiftDemo.app/flutterSwiftDemo";
			};
			name = Release;
		};
		66845A6228090595006C14E9 /* Debug */ = {
			isa = XCBuildConfiguration;
			baseConfigurationReference = 6C285615E2A03F5AB036C42C /* Pods-flutterSwiftDemo-flutterSwiftDemoUITests.debug.xcconfig */;
			buildSettings = {
				ALWAYS_EMBED_SWIFT_STANDARD_LIBRARIES = YES;
				CODE_SIGN_STYLE = Automatic;
				CURRENT_PROJECT_VERSION = 1;
				GENERATE_INFOPLIST_FILE = YES;
				MARKETING_VERSION = 1.0;
				PRODUCT_BUNDLE_IDENTIFIER = com.Marshal.flutterSwiftDemoUITests;
				PRODUCT_NAME = "$(TARGET_NAME)";
				SWIFT_EMIT_LOC_STRINGS = NO;
				SWIFT_VERSION = 5.0;
				TARGETED_DEVICE_FAMILY = "1,2";
				TEST_TARGET_NAME = flutterSwiftDemo;
			};
			name = Debug;
		};
		66845A6328090595006C14E9 /* Release */ = {
			isa = XCBuildConfiguration;
			baseConfigurationReference = 1244AFBA0A89E437311CCA51 /* Pods-flutterSwiftDemo-flutterSwiftDemoUITests.release.xcconfig */;
			buildSettings = {
				ALWAYS_EMBED_SWIFT_STANDARD_LIBRARIES = YES;
				CODE_SIGN_STYLE = Automatic;
				CURRENT_PROJECT_VERSION = 1;
				GENERATE_INFOPLIST_FILE = YES;
				MARKETING_VERSION = 1.0;
				PRODUCT_BUNDLE_IDENTIFIER = com.Marshal.flutterSwiftDemoUITests;
				PRODUCT_NAME = "$(TARGET_NAME)";
				SWIFT_EMIT_LOC_STRINGS = NO;
				SWIFT_VERSION = 5.0;
				TARGETED_DEVICE_FAMILY = "1,2";
				TEST_TARGET_NAME = flutterSwiftDemo;
			};
			name = Release;
		};
/* End XCBuildConfiguration section */

/* Begin XCConfigurationList section */
		66845A2C28090591006C14E9 /* Build configuration list for PBXProject "flutterSwiftDemo" */ = {
			isa = XCConfigurationList;
			buildConfigurations = (
				66845A5928090595006C14E9 /* Debug */,
				66845A5A28090595006C14E9 /* Release */,
			);
			defaultConfigurationIsVisible = 0;
			defaultConfigurationName = Release;
		};
		66845A5B28090595006C14E9 /* Build configuration list for PBXNativeTarget "flutterSwiftDemo" */ = {
			isa = XCConfigurationList;
			buildConfigurations = (
				66845A5C28090595006C14E9 /* Debug */,
				66845A5D28090595006C14E9 /* Release */,
			);
			defaultConfigurationIsVisible = 0;
			defaultConfigurationName = Release;
		};
		66845A5E28090595006C14E9 /* Build configuration list for PBXNativeTarget "flutterSwiftDemoTests" */ = {
			isa = XCConfigurationList;
			buildConfigurations = (
				66845A5F28090595006C14E9 /* Debug */,
				66845A6028090595006C14E9 /* Release */,
			);
			defaultConfigurationIsVisible = 0;
			defaultConfigurationName = Release;
		};
		66845A6128090595006C14E9 /* Build configuration list for PBXNativeTarget "flutterSwiftDemoUITests" */ = {
			isa = XCConfigurationList;
			buildConfigurations = (
				66845A6228090595006C14E9 /* Debug */,
				66845A6328090595006C14E9 /* Release */,
			);
			defaultConfigurationIsVisible = 0;
			defaultConfigurationName = Release;
		};
/* End XCConfigurationList section */
	};
	rootObject = 66845A2928090591006C14E9 /* Project object */;
}
